// !$*UTF8*$!
{
	archiveVersion = 1;
	classes = {
	};
	objectVersion = 55;
	objects = {

/* Begin PBXBuildFile section */
		BB0644B5284736FF0065D1F5 /* AppDelegate.m in Sources */ = {isa = PBXBuildFile; fileRef = BB0644B4284736FF0065D1F5 /* AppDelegate.m */; };
		BB0644BB284736FF0065D1F5 /* ViewController.m in Sources */ = {isa = PBXBuildFile; fileRef = BB0644BA284736FF0065D1F5 /* ViewController.m */; };
		BB0644BE284736FF0065D1F5 /* Main.storyboard in Resources */ = {isa = PBXBuildFile; fileRef = BB0644BC284736FF0065D1F5 /* Main.storyboard */; };
		BB0644C0284737010065D1F5 /* Assets.xcassets in Resources */ = {isa = PBXBuildFile; fileRef = BB0644BF284737010065D1F5 /* Assets.xcassets */; };
		BB0644C3284737010065D1F5 /* LaunchScreen.storyboard in Resources */ = {isa = PBXBuildFile; fileRef = BB0644C1284737010065D1F5 /* LaunchScreen.storyboard */; };
		BB0644C6284737010065D1F5 /* main.m in Sources */ = {isa = PBXBuildFile; fileRef = BB0644C5284737010065D1F5 /* main.m */; };
		BB0644CF2847371E0065D1F5 /* HLCountDownButton.m in Sources */ = {isa = PBXBuildFile; fileRef = BB0644CE2847371E0065D1F5 /* HLCountDownButton.m */; };
/* End PBXBuildFile section */

/* Begin PBXFileReference section */
		BB0644B0284736FF0065D1F5 /* HLCountDownButton.app */ = {isa = PBXFileReference; explicitFileType = wrapper.application; includeInIndex = 0; path = HLCountDownButton.app; sourceTree = BUILT_PRODUCTS_DIR; };
		BB0644B3284736FF0065D1F5 /* AppDelegate.h */ = {isa = PBXFileReference; lastKnownFileType = sourcecode.c.h; path = AppDelegate.h; sourceTree = "<group>"; };
		BB0644B4284736FF0065D1F5 /* AppDelegate.m */ = {isa = PBXFileReference; lastKnownFileType = sourcecode.c.objc; path = AppDelegate.m; sourceTree = "<group>"; };
		BB0644B9284736FF0065D1F5 /* ViewController.h */ = {isa = PBXFileReference; lastKnownFileType = sourcecode.c.h; path = ViewController.h; sourceTree = "<group>"; };
		BB0644BA284736FF0065D1F5 /* ViewController.m */ = {isa = PBXFileReference; lastKnownFileType = sourcecode.c.objc; path = ViewController.m; sourceTree = "<group>"; };
		BB0644BD284736FF0065D1F5 /* Base */ = {isa = PBXFileReference; lastKnownFileType = file.storyboard; name = Base; path = Base.lproj/Main.storyboard; sourceTree = "<group>"; };
		BB0644BF284737010065D1F5 /* Assets.xcassets */ = {isa = PBXFileReference; lastKnownFileType = folder.assetcatalog; path = Assets.xcassets; sourceTree = "<group>"; };
		BB0644C2284737010065D1F5 /* Base */ = {isa = PBXFileReference; lastKnownFileType = file.storyboard; name = Base; path = Base.lproj/LaunchScreen.storyboard; sourceTree = "<group>"; };
		BB0644C4284737010065D1F5 /* Info.plist */ = {isa = PBXFileReference; lastKnownFileType = text.plist.xml; path = Info.plist; sourceTree = "<group>"; };
		BB0644C5284737010065D1F5 /* main.m */ = {isa = PBXFileReference; lastKnownFileType = sourcecode.c.objc; path = main.m; sourceTree = "<group>"; };
		BB0644CD2847371E0065D1F5 /* HLCountDownButton.h */ = {isa = PBXFileReference; lastKnownFileType = sourcecode.c.h; path = HLCountDownButton.h; sourceTree = "<group>"; };
		BB0644CE2847371E0065D1F5 /* HLCountDownButton.m */ = {isa = PBXFileReference; lastKnownFileType = sourcecode.c.objc; path = HLCountDownButton.m; sourceTree = "<group>"; };
/* End PBXFileReference section */

/* Begin PBXFrameworksBuildPhase section */
		BB0644AD284736FF0065D1F5 /* Frameworks */ = {
			isa = PBXFrameworksBuildPhase;
			buildActionMask = 2147483647;
			files = (
			);
			runOnlyForDeploymentPostprocessing = 0;
		};
/* End PBXFrameworksBuildPhase section */

/* Begin PBXGroup section */
		BB0644A7284736FF0065D1F5 = {
			isa = PBXGroup;
			children = (
				BB0644B2284736FF0065D1F5 /* HLCountDownButton */,
				BB0644B1284736FF0065D1F5 /* Products */,
			);
			sourceTree = "<group>";
		};
		BB0644B1284736FF0065D1F5 /* Products */ = {
			isa = PBXGroup;
			children = (
				BB0644B0284736FF0065D1F5 /* HLCountDownButton.app */,
			);
			name = Products;
			sourceTree = "<group>";
		};
		BB0644B2284736FF0065D1F5 /* HLCountDownButton */ = {
			isa = PBXGroup;
			children = (
				BB0644CC2847370A0065D1F5 /* HLCountDownButton */,
				BB0644B3284736FF0065D1F5 /* AppDelegate.h */,
				BB0644B4284736FF0065D1F5 /* AppDelegate.m */,
				BB0644B9284736FF0065D1F5 /* ViewController.h */,
				BB0644BA284736FF0065D1F5 /* ViewController.m */,
				BB0644BC284736FF0065D1F5 /* Main.storyboard */,
				BB0644BF284737010065D1F5 /* Assets.xcassets */,
				BB0644C1284737010065D1F5 /* LaunchScreen.storyboard */,
				BB0644C4284737010065D1F5 /* Info.plist */,
				BB0644C5284737010065D1F5 /* main.m */,
			);
			path = HLCountDownButton;
			sourceTree = "<group>";
		};
		BB0644CC2847370A0065D1F5 /* HLCountDownButton */ = {
			isa = PBXGroup;
			children = (
				BB0644CD2847371E0065D1F5 /* HLCountDownButton.h */,
				BB0644CE2847371E0065D1F5 /* HLCountDownButton.m */,
			);
			path = HLCountDownButton;
			sourceTree = "<group>";
		};
/* End PBXGroup section */

/* Begin PBXNativeTarget section */
		BB0644AF284736FF0065D1F5 /* HLCountDownButton */ = {
			isa = PBXNativeTarget;
			buildConfigurationList = BB0644C9284737010065D1F5 /* Build configuration list for PBXNativeTarget "HLCountDownButton" */;
			buildPhases = (
				BB0644AC284736FF0065D1F5 /* Sources */,
				BB0644AD284736FF0065D1F5 /* Frameworks */,
				BB0644AE284736FF0065D1F5 /* Resources */,
			);
			buildRules = (
			);
			dependencies = (
			);
			name = HLCountDownButton;
			productName = HLCountDownButton;
			productReference = BB0644B0284736FF0065D1F5 /* HLCountDownButton.app */;
			productType = "com.apple.product-type.application";
		};
/* End PBXNativeTarget section */

/* Begin PBXProject section */
		BB0644A8284736FF0065D1F5 /* Project object */ = {
			isa = PBXProject;
			attributes = {
				BuildIndependentTargetsInParallel = 1;
				LastUpgradeCheck = 1340;
				TargetAttributes = {
					BB0644AF284736FF0065D1F5 = {
						CreatedOnToolsVersion = 13.4;
					};
				};
			};
			buildConfigurationList = BB0644AB284736FF0065D1F5 /* Build configuration list for PBXProject "HLCountDownButton" */;
			compatibilityVersion = "Xcode 13.0";
			developmentRegion = en;
			hasScannedForEncodings = 0;
			knownRegions = (
				en,
				Base,
			);
			mainGroup = BB0644A7284736FF0065D1F5;
			productRefGroup = BB0644B1284736FF0065D1F5 /* Products */;
			projectDirPath = "";
			projectRoot = "";
			targets = (
				BB0644AF284736FF0065D1F5 /* HLCountDownButton */,
			);
		};
/* End PBXProject section */

/* Begin PBXResourcesBuildPhase section */
		BB0644AE284736FF0065D1F5 /* Resources */ = {
			isa = PBXResourcesBuildPhase;
			buildActionMask = 2147483647;
			files = (
				BB0644C3284737010065D1F5 /* LaunchScreen.storyboard in Resources */,
				BB0644C0284737010065D1F5 /* Assets.xcassets in Resources */,
				BB0644BE284736FF0065D1F5 /* Main.storyboard in Resources */,
			);
			runOnlyForDeploymentPostprocessing = 0;
		};
/* End PBXResourcesBuildPhase section */

/* Begin PBXSourcesBuildPhase section */
		BB0644AC284736FF0065D1F5 /* Sources */ = {
			isa = PBXSourcesBuildPhase;
			buildActionMask = 2147483647;
			files = (
				BB0644BB284736FF0065D1F5 /* ViewController.m in Sources */,
				BB0644B5284736FF0065D1F5 /* AppDelegate.m in Sources */,
				BB0644C6284737010065D1F5 /* main.m in Sources */,
				BB0644CF2847371E0065D1F5 /* HLCountDownButton.m in Sources */,
			);
			runOnlyForDeploymentPostprocessing = 0;
		};
/* End PBXSourcesBuildPhase section */

/* Begin PBXVariantGroup section */
		BB0644BC284736FF0065D1F5 /* Main.storyboard */ = {
			isa = PBXVariantGroup;
			children = (
				BB0644BD284736FF0065D1F5 /* Base */,
			);
			name = Main.storyboard;
			sourceTree = "<group>";
		};
		BB0644C1284737010065D1F5 /* LaunchScreen.storyboard */ = {
			isa = PBXVariantGroup;
			children = (
				BB0644C2284737010065D1F5 /* Base */,
			);
			name = LaunchScreen.storyboard;
			sourceTree = "<group>";
		};
/* End PBXVariantGroup section */

/* Begin XCBuildConfiguration section */
		BB0644C7284737010065D1F5 /* Debug */ = {
			isa = XCBuildConfiguration;
			buildSettings = {
				ALWAYS_SEARCH_USER_PATHS = NO;
				CLANG_ANALYZER_NONNULL = YES;
				CLANG_ANALYZER_NUMBER_OBJECT_CONVERSION = YES_AGGRESSIVE;
				CLANG_CXX_LANGUAGE_STANDARD = "gnu++17";
				CLANG_ENABLE_MODULES = YES;
				CLANG_ENABLE_OBJC_ARC = YES;
				CLANG_ENABLE_OBJC_WEAK = YES;
				CLANG_WARN_BLOCK_CAPTURE_AUTORELEASING = YES;
				CLANG_WARN_BOOL_CONVERSION = YES;
				CLANG_WARN_COMMA = YES;
				CLANG_WARN_CONSTANT_CONVERSION = YES;
				CLANG_WARN_DEPRECATED_OBJC_IMPLEMENTATIONS = YES;
				CLANG_WARN_DIRECT_OBJC_ISA_USAGE = YES_ERROR;
				CLANG_WARN_DOCUMENTATION_COMMENTS = YES;
				CLANG_WARN_EMPTY_BODY = YES;
				CLANG_WARN_ENUM_CONVERSION = YES;
				CLANG_WARN_INFINITE_RECURSION = YES;
				CLANG_WARN_INT_CONVERSION = YES;
				CLANG_WARN_NON_LITERAL_NULL_CONVERSION = YES;
				CLANG_WARN_OBJC_IMPLICIT_RETAIN_SELF = YES;
				CLANG_WARN_OBJC_LITERAL_CONVERSION = YES;
				CLANG_WARN_OBJC_ROOT_CLASS = YES_ERROR;
				CLANG_WARN_QUOTED_INCLUDE_IN_FRAMEWORK_HEADER = YES;
				CLANG_WARN_RANGE_LOOP_ANALYSIS = YES;
				CLANG_WARN_STRICT_PROTOTYPES = YES;
				CLANG_WARN_SUSPICIOUS_MOVE = YES;
				CLANG_WARN_UNGUARDED_AVAILABILITY = YES_AGGRESSIVE;
				CLANG_WARN_UNREACHABLE_CODE = YES;
				CLANG_WARN__DUPLICATE_METHOD_MATCH = YES;
				COPY_PHASE_STRIP = NO;
				DEBUG_INFORMATION_FORMAT = dwarf;
				ENABLE_STRICT_OBJC_MSGSEND = YES;
				ENABLE_TESTABILITY = YES;
				GCC_C_LANGUAGE_STANDARD = gnu11;
				GCC_DYNAMIC_NO_PIC = NO;
				GCC_NO_COMMON_BLOCKS = YES;
				GCC_OPTIMIZATION_LEVEL = 0;
				GCC_PREPROCESSOR_DEFINITIONS = (
					"DEBUG=1",
					"$(inherited)",
				);
				GCC_WARN_64_TO_32_BIT_CONVERSION = YES;
				GCC_WARN_ABOUT_RETURN_TYPE = YES_ERROR;
				GCC_WARN_UNDECLARED_SELECTOR = YES;
				GCC_WARN_UNINITIALIZED_AUTOS = YES_AGGRESSIVE;
				GCC_WARN_UNUSED_FUNCTION = YES;
				GCC_WARN_UNUSED_VARIABLE = YES;
				IPHONEOS_DEPLOYMENT_TARGET = 15.5;
				MTL_ENABLE_DEBUG_INFO = INCLUDE_SOURCE;
				MTL_FAST_MATH = YES;
				ONLY_ACTIVE_ARCH = YES;
				SDKROOT = iphoneos;
			};
			name = Debug;
		};
		BB0644C8284737010065D1F5 /* Release */ = {
			isa = XCBuildConfiguration;
			buildSettings = {
				ALWAYS_SEARCH_USER_PATHS = NO;
				CLANG_ANALYZER_NONNULL = YES;
				CLANG_ANALYZER_NUMBER_OBJECT_CONVERSION = YES_AGGRESSIVE;
				CLANG_CXX_LANGUAGE_STANDARD = "gnu++17";
				CLANG_ENABLE_MODULES = YES;
				CLANG_ENABLE_OBJC_ARC = YES;
				CLANG_ENABLE_OBJC_WEAK = YES;
				CLANG_WARN_BLOCK_CAPTURE_AUTORELEASING = YES;
				CLANG_WARN_BOOL_CONVERSION = YES;
				CLANG_WARN_COMMA = YES;
				CLANG_WARN_CONSTANT_CONVERSION = YES;
				CLANG_WARN_DEPRECATED_OBJC_IMPLEMENTATIONS = YES;
				CLANG_WARN_DIRECT_OBJC_ISA_USAGE = YES_ERROR;
				CLANG_WARN_DOCUMENTATION_COMMENTS = YES;
				CLANG_WARN_EMPTY_BODY = YES;
				CLANG_WARN_ENUM_CONVERSION = YES;
				CLANG_WARN_INFINITE_RECURSION = YES;
				CLANG_WARN_INT_CONVERSION = YES;
				CLANG_WARN_NON_LITERAL_NULL_CONVERSION = YES;
				CLANG_WARN_OBJC_IMPLICIT_RETAIN_SELF = YES;
				CLANG_WARN_OBJC_LITERAL_CONVERSION = YES;
				CLANG_WARN_OBJC_ROOT_CLASS = YES_ERROR;
				CLANG_WARN_QUOTED_INCLUDE_IN_FRAMEWORK_HEADER = YES;
				CLANG_WARN_RANGE_LOOP_ANALYSIS = YES;
				CLANG_WARN_STRICT_PROTOTYPES = YES;
				CLANG_WARN_SUSPICIOUS_MOVE = YES;
				CLANG_WARN_UNGUARDED_AVAILABILITY = YES_AGGRESSIVE;
				CLANG_WARN_UNREACHABLE_CODE = YES;
				CLANG_WARN__DUPLICATE_METHOD_MATCH = YES;
				COPY_PHASE_STRIP = NO;
				DEBUG_INFORMATION_FORMAT = "dwarf-with-dsym";
				ENABLE_NS_ASSERTIONS = NO;
				ENABLE_STRICT_OBJC_MSGSEND = YES;
				GCC_C_LANGUAGE_STANDARD = gnu11;
				GCC_NO_COMMON_BLOCKS = YES;
				GCC_WARN_64_TO_32_BIT_CONVERSION = YES;
				GCC_WARN_ABOUT_RETURN_TYPE = YES_ERROR;
				GCC_WARN_UNDECLARED_SELECTOR = YES;
				GCC_WARN_UNINITIALIZED_AUTOS = YES_AGGRESSIVE;
				GCC_WARN_UNUSED_FUNCTION = YES;
				GCC_WARN_UNUSED_VARIABLE = YES;
				IPHONEOS_DEPLOYMENT_TARGET = 15.5;
				MTL_ENABLE_DEBUG_INFO = NO;
				MTL_FAST_MATH = YES;
				SDKROOT = iphoneos;
				VALIDATE_PRODUCT = YES;
			};
			name = Release;
		};
		BB0644CA284737010065D1F5 /* Debug */ = {
			isa = XCBuildConfiguration;
			buildSettings = {
				ASSETCATALOG_COMPILER_APPICON_NAME = AppIcon;
				ASSETCATALOG_COMPILER_GLOBAL_ACCENT_COLOR_NAME = AccentColor;
				CODE_SIGN_STYLE = Automatic;
				CURRENT_PROJECT_VERSION = 1;
				GENERATE_INFOPLIST_FILE = YES;
				INFOPLIST_FILE = HLCountDownButton/Info.plist;
				INFOPLIST_KEY_UIApplicationSupportsIndirectInputEvents = YES;
				INFOPLIST_KEY_UILaunchStoryboardName = LaunchScreen;
				INFOPLIST_KEY_UIMainStoryboardFile = Main;
				INFOPLIST_KEY_UISupportedInterfaceOrientations_iPad = "UIInterfaceOrientationPortrait UIInterfaceOrientationPortraitUpsideDown UIInterfaceOrientationLandscapeLeft UIInterfaceOrientationLandscapeRight";
				INFOPLIST_KEY_UISupportedInterfaceOrientations_iPhone = "UIInterfaceOrientationPortrait UIInterfaceOrientationLandscapeLeft UIInterfaceOrientationLandscapeRight";
				IPHONEOS_DEPLOYMENT_TARGET = 9.0;
				LD_RUNPATH_SEARCH_PATHS = (
					"$(inherited)",
					"@executable_path/Frameworks",
				);
				MARKETING_VERSION = 1.0;
				PRODUCT_BUNDLE_IDENTIFIER = com.hcw.HLCountDownButton;
				PRODUCT_NAME = "$(TARGET_NAME)";
				SWIFT_EMIT_LOC_STRINGS = YES;
				TARGETED_DEVICE_FAMILY = "1,2";
			};
			name = Debug;
		};
		BB0644CB284737010065D1F5 /* Release */ = {
			isa = XCBuildConfiguration;
			buildSettings = {
				ASSETCATALOG_COMPILER_APPICON_NAME = AppIcon;
				ASSETCATALOG_COMPILER_GLOBAL_ACCENT_COLOR_NAME = AccentColor;
				CODE_SIGN_STYLE = Automatic;
				CURRENT_PROJECT_VERSION = 1;
				GENERATE_INFOPLIST_FILE = YES;
				INFOPLIST_FILE = HLCountDownButton/Info.plist;
				INFOPLIST_KEY_UIApplicationSupportsIndirectInputEvents = YES;
				INFOPLIST_KEY_UILaunchStoryboardName = LaunchScreen;
				INFOPLIST_KEY_UIMainStoryboardFile = Main;
				INFOPLIST_KEY_UISupportedInterfaceOrientations_iPad = "UIInterfaceOrientationPortrait UIInterfaceOrientationPortraitUpsideDown UIInterfaceOrientationLandscapeLeft UIInterfaceOrientationLandscapeRight";
				INFOPLIST_KEY_UISupportedInterfaceOrientations_iPhone = "UIInterfaceOrientationPortrait UIInterfaceOrientationLandscapeLeft UIInterfaceOrientationLandscapeRight";
				IPHONEOS_DEPLOYMENT_TARGET = 9.0;
				LD_RUNPATH_SEARCH_PATHS = (
					"$(inherited)",
					"@executable_path/Frameworks",
				);
				MARKETING_VERSION = 1.0;
				PRODUCT_BUNDLE_IDENTIFIER = com.hcw.HLCountDownButton;
				PRODUCT_NAME = "$(TARGET_NAME)";
				SWIFT_EMIT_LOC_STRINGS = YES;
				TARGETED_DEVICE_FAMILY = "1,2";
			};
			name = Release;
		};
/* End XCBuildConfiguration section */

/* Begin XCConfigurationList section */
		BB0644AB284736FF0065D1F5 /* Build configuration list for PBXProject "HLCountDownButton" */ = {
			isa = XCConfigurationList;
			buildConfigurations = (
				BB0644C7284737010065D1F5 /* Debug */,
				BB0644C8284737010065D1F5 /* Release */,
			);
			defaultConfigurationIsVisible = 0;
			defaultConfigurationName = Release;
		};
		BB0644C9284737010065D1F5 /* Build configuration list for PBXNativeTarget "HLCountDownButton" */ = {
			isa = XCConfigurationList;
			buildConfigurations = (
				BB0644CA284737010065D1F5 /* Debug */,
				BB0644CB284737010065D1F5 /* Release */,
			);
			defaultConfigurationIsVisible = 0;
			defaultConfigurationName = Release;
		};
/* End XCConfigurationList section */
	};
	rootObject = BB0644A8284736FF0065D1F5 /* Project object */;
}
